
Microsoft Visual Studio Solution File, Format Version 12.00
# Visual Studio 15
Project("{FAE04EC0-301F-11D3-BF4B-00C04F79EFBC}") = "Google.Conscrypt.Android", "Google.Conscrypt.Android\Google.Conscrypt.Android.csproj", "{4F7B55FC-8531-43B2-AFC0-E644CBEF8CD4}"
EndProject
Project("{FAE04EC0-301F-11D3-BF4B-00C04F79EFBC}") = "DemoConscryptAndroid", "DemoConscryptAndroid\DemoConscryptAndroid.csproj", "{AAA67EA8-CAFB-4BB2-8FAE-19490FF2FA83}"
EndProject
Global
	GlobalSection(SolutionConfigurationPlatforms) = preSolution
		Debug|Any CPU = Debug|Any CPU
		Release|Any CPU = Release|Any CPU
	EndGlobalSection
	GlobalSection(ProjectConfigurationPlatforms) = postSolution
		{4F7B55FC-8531-43B2-AFC0-E644CBEF8CD4}.Debug|Any CPU.ActiveCfg = Debug|Any CPU
		{4F7B55FC-8531-43B2-AFC0-E644CBEF8CD4}.Debug|Any CPU.Build.0 = Debug|Any CPU
		{4F7B55FC-8531-43B2-AFC0-E644CBEF8CD4}.Release|Any CPU.ActiveCfg = Release|Any CPU
		{4F7B55FC-8531-43B2-AFC0-E644CBEF8CD4}.Release|Any CPU.Build.0 = Release|Any CPU
		{AAA67EA8-CAFB-4BB2-8FAE-19490FF2FA83}.Debug|Any CPU.ActiveCfg = Debug|Any CPU
		{AAA67EA8-CAFB-4BB2-8FAE-19490FF2FA83}.Debug|Any CPU.Build.0 = Debug|Any CPU
		{AAA67EA8-CAFB-4BB2-8FAE-19490FF2FA83}.Release|Any CPU.ActiveCfg = Release|Any CPU
		{AAA67EA8-CAFB-4BB2-8FAE-19490FF2FA83}.Release|Any CPU.Build.0 = Release|Any CPU
	EndGlobalSection
EndGlobal
